# THIS IS AN AUTOGENERATED FILE. DO NOT EDIT THIS FILE DIRECTLY.
# yarn lockfile v1


daisyui@^5.0.43:
  version "5.1.23"
  resolved "https://registry.yarnpkg.com/daisyui/-/daisyui-5.1.23.tgz#9ed81c2adabc082a0f02e0be4553371a94b24419"
  integrity sha512-HgxmDidqO0FrcrkMVRz7KYwQi+eoZarMVud2kx5cGhTmTlaJPne/gbsSEn4/vM1svbp40ENCMjJsbBldCXhrOA==
